
Microsoft Visual Studio Solution File, Format Version 12.00
# Visual Studio Version 17
VisualStudioVersion = 17.4.33103.184
MinimumVisualStudioVersion = 10.0.40219.1
Project("{9A19103F-16F7-4668-BE54-9A1E7A4F7556}") = "SourceGeneratorAttributes", "SourceGeneratorAttributes\SourceGeneratorAttributes.csproj", "{AAF4ABB7-286E-4190-85B1-2F7DDB8AEB8C}"
EndProject
Project("{FAE04EC0-301F-11D3-BF4B-00C04F79EFBC}") = "Test", "Test\Test.csproj", "{AF920454-747E-4A99-94E0-A16E4348B86D}"
EndProject
Global
	GlobalSection(SolutionConfigurationPlatforms) = preSolution
		Debug|Any CPU = Debug|Any CPU
		Release|Any CPU = Release|Any CPU
	EndGlobalSection
	GlobalSection(ProjectConfigurationPlatforms) = postSolution
		{AAF4ABB7-286E-4190-85B1-2F7DDB8AEB8C}.Debug|Any CPU.ActiveCfg = Debug|Any CPU
		{AAF4ABB7-286E-4190-85B1-2F7DDB8AEB8C}.Debug|Any CPU.Build.0 = Debug|Any CPU
		{AAF4ABB7-286E-4190-85B1-2F7DDB8AEB8C}.Release|Any CPU.ActiveCfg = Release|Any CPU
		{AAF4ABB7-286E-4190-85B1-2F7DDB8AEB8C}.Release|Any CPU.Build.0 = Release|Any CPU
		{AF920454-747E-4A99-94E0-A16E4348B86D}.Debug|Any CPU.ActiveCfg = Debug|Any CPU
		{AF920454-747E-4A99-94E0-A16E4348B86D}.Debug|Any CPU.Build.0 = Debug|Any CPU
		{AF920454-747E-4A99-94E0-A16E4348B86D}.Release|Any CPU.ActiveCfg = Release|Any CPU
		{AF920454-747E-4A99-94E0-A16E4348B86D}.Release|Any CPU.Build.0 = Release|Any CPU
	EndGlobalSection
	GlobalSection(SolutionProperties) = preSolution
		HideSolutionNode = FALSE
	EndGlobalSection
	GlobalSection(ExtensibilityGlobals) = postSolution
		SolutionGuid = {293A2D1F-A013-4CE5-AC5F-752EC2041E2B}
	EndGlobalSection
EndGlobal
